github.com/go-ozzo/ozzo-routing v2.1.4+incompatible h1:gQmNyAwMnBHr53Nma2gPTfVVc6i2BuAwCWPam2hIvKI=
github.com/go-ozzo/ozzo-routing v2.1.4+incompatible/go.mod h1:hvoxy5M9SJaY0viZvcCsODidtUm5CzRbYKEWuQpr+2A=
github.com/tylergeery/trash_hunt v0.0.0-20191202052847-0950ade09088 h1:meFd7WYlnbyOVYj2f50Lpn4OS40hhi3LpWENRuGW5p4=
